// !$*UTF8*$!
{
	archiveVersion = 1;
	classes = {
	};
	objectVersion = 56;
	objects = {

/* Begin PBXBuildFile section */
		B817BF3E292E5F7900A63BAF /* AppDelegate.swift in Sources */ = {isa = PBXBuildFile; fileRef = B817BF3D292E5F7900A63BAF /* AppDelegate.swift */; };
		B817BF40292E5F7900A63BAF /* SceneDelegate.swift in Sources */ = {isa = PBXBuildFile; fileRef = B817BF3F292E5F7900A63BAF /* SceneDelegate.swift */; };
		B817BF42292E5F7900A63BAF /* FlickrImageListController.swift in Sources */ = {isa = PBXBuildFile; fileRef = B817BF41292E5F7900A63BAF /* FlickrImageListController.swift */; };
		B817BF45292E5F7900A63BAF /* Main.storyboard in Resources */ = {isa = PBXBuildFile; fileRef = B817BF43292E5F7900A63BAF /* Main.storyboard */; };
		B817BF4A292E5F7A00A63BAF /* Assets.xcassets in Resources */ = {isa = PBXBuildFile; fileRef = B817BF49292E5F7A00A63BAF /* Assets.xcassets */; };
		B817BF4D292E5F7A00A63BAF /* LaunchScreen.storyboard in Resources */ = {isa = PBXBuildFile; fileRef = B817BF4B292E5F7A00A63BAF /* LaunchScreen.storyboard */; };
		B817BF56292E641200A63BAF /* APIService.swift in Sources */ = {isa = PBXBuildFile; fileRef = B817BF55292E641200A63BAF /* APIService.swift */; };
		B817BF5A292E730100A63BAF /* FlickrImageListModels.swift in Sources */ = {isa = PBXBuildFile; fileRef = B817BF59292E730100A63BAF /* FlickrImageListModels.swift */; };
		B817BF5D292E786E00A63BAF /* Constants.swift in Sources */ = {isa = PBXBuildFile; fileRef = B817BF5C292E786E00A63BAF /* Constants.swift */; };
		B817BF60292E810E00A63BAF /* MyImageView.swift in Sources */ = {isa = PBXBuildFile; fileRef = B817BF5F292E810E00A63BAF /* MyImageView.swift */; };
		B817BF62292E82E200A63BAF /* FlickrImageListInteractor.swift in Sources */ = {isa = PBXBuildFile; fileRef = B817BF61292E82E200A63BAF /* FlickrImageListInteractor.swift */; };
		B817BF68292F184700A63BAF /* ImageViewCell.swift in Sources */ = {isa = PBXBuildFile; fileRef = B817BF66292F184700A63BAF /* ImageViewCell.swift */; };
		B817BF69292F184700A63BAF /* ImageViewCell.xib in Resources */ = {isa = PBXBuildFile; fileRef = B817BF67292F184700A63BAF /* ImageViewCell.xib */; };
		B817BF6D292F4DAE00A63BAF /* ImagePreviewController.swift in Sources */ = {isa = PBXBuildFile; fileRef = B817BF6C292F4DAE00A63BAF /* ImagePreviewController.swift */; };
		B817BF6F292F7DB000A63BAF /* MoveElementsTransition.swift in Sources */ = {isa = PBXBuildFile; fileRef = B817BF6E292F7DB000A63BAF /* MoveElementsTransition.swift */; };
		B86795F42934867400CEFB6F /* CommitsViewController.swift in Sources */ = {isa = PBXBuildFile; fileRef = B86795F32934867400CEFB6F /* CommitsViewController.swift */; };
		B86795F62934868600CEFB6F /* CommitsModels.swift in Sources */ = {isa = PBXBuildFile; fileRef = B86795F52934868600CEFB6F /* CommitsModels.swift */; };
		B86795F8293486AC00CEFB6F /* CommitsInteractor.swift in Sources */ = {isa = PBXBuildFile; fileRef = B86795F7293486AC00CEFB6F /* CommitsInteractor.swift */; };
		B86795FC29348E2000CEFB6F /* CommitTableViewCell.swift in Sources */ = {isa = PBXBuildFile; fileRef = B86795FA29348E2000CEFB6F /* CommitTableViewCell.swift */; };
		B86795FD29348E2000CEFB6F /* CommitTableViewCell.xib in Resources */ = {isa = PBXBuildFile; fileRef = B86795FB29348E2000CEFB6F /* CommitTableViewCell.xib */; };
		B878597829406160006EC266 /* CollectionViewController.swift in Sources */ = {isa = PBXBuildFile; fileRef = B878597729406160006EC266 /* CollectionViewController.swift */; };
/* End PBXBuildFile section */

/* Begin PBXFileReference section */
		B817BF3A292E5F7900A63BAF /* FlickaGram.app */ = {isa = PBXFileReference; explicitFileType = wrapper.application; includeInIndex = 0; path = FlickaGram.app; sourceTree = BUILT_PRODUCTS_DIR; };
		B817BF3D292E5F7900A63BAF /* AppDelegate.swift */ = {isa = PBXFileReference; lastKnownFileType = sourcecode.swift; path = AppDelegate.swift; sourceTree = "<group>"; };
		B817BF3F292E5F7900A63BAF /* SceneDelegate.swift */ = {isa = PBXFileReference; lastKnownFileType = sourcecode.swift; path = SceneDelegate.swift; sourceTree = "<group>"; };
		B817BF41292E5F7900A63BAF /* FlickrImageListController.swift */ = {isa = PBXFileReference; lastKnownFileType = sourcecode.swift; path = FlickrImageListController.swift; sourceTree = "<group>"; };
		B817BF44292E5F7900A63BAF /* Base */ = {isa = PBXFileReference; lastKnownFileType = file.storyboard; name = Base; path = Base.lproj/Main.storyboard; sourceTree = "<group>"; };
		B817BF49292E5F7A00A63BAF /* Assets.xcassets */ = {isa = PBXFileReference; lastKnownFileType = folder.assetcatalog; path = Assets.xcassets; sourceTree = "<group>"; };
		B817BF4C292E5F7A00A63BAF /* Base */ = {isa = PBXFileReference; lastKnownFileType = file.storyboard; name = Base; path = Base.lproj/LaunchScreen.storyboard; sourceTree = "<group>"; };
		B817BF4E292E5F7A00A63BAF /* Info.plist */ = {isa = PBXFileReference; lastKnownFileType = text.plist.xml; path = Info.plist; sourceTree = "<group>"; };
		B817BF55292E641200A63BAF /* APIService.swift */ = {isa = PBXFileReference; lastKnownFileType = sourcecode.swift; path = APIService.swift; sourceTree = "<group>"; };
		B817BF59292E730100A63BAF /* FlickrImageListModels.swift */ = {isa = PBXFileReference; lastKnownFileType = sourcecode.swift; path = FlickrImageListModels.swift; sourceTree = "<group>"; };
		B817BF5C292E786E00A63BAF /* Constants.swift */ = {isa = PBXFileReference; lastKnownFileType = sourcecode.swift; path = Constants.swift; sourceTree = "<group>"; };
		B817BF5F292E810E00A63BAF /* MyImageView.swift */ = {isa = PBXFileReference; lastKnownFileType = sourcecode.swift; path = MyImageView.swift; sourceTree = "<group>"; };
		B817BF61292E82E200A63BAF /* FlickrImageListInteractor.swift */ = {isa = PBXFileReference; lastKnownFileType = sourcecode.swift; path = FlickrImageListInteractor.swift; sourceTree = "<group>"; };
		B817BF66292F184700A63BAF /* ImageViewCell.swift */ = {isa = PBXFileReference; lastKnownFileType = sourcecode.swift; path = ImageViewCell.swift; sourceTree = "<group>"; };
		B817BF67292F184700A63BAF /* ImageViewCell.xib */ = {isa = PBXFileReference; lastKnownFileType = file.xib; path = ImageViewCell.xib; sourceTree = "<group>"; };
		B817BF6C292F4DAE00A63BAF /* ImagePreviewController.swift */ = {isa = PBXFileReference; lastKnownFileType = sourcecode.swift; path = ImagePreviewController.swift; sourceTree = "<group>"; };
		B817BF6E292F7DB000A63BAF /* MoveElementsTransition.swift */ = {isa = PBXFileReference; lastKnownFileType = sourcecode.swift; path = MoveElementsTransition.swift; sourceTree = "<group>"; };
		B86795F32934867400CEFB6F /* CommitsViewController.swift */ = {isa = PBXFileReference; lastKnownFileType = sourcecode.swift; path = CommitsViewController.swift; sourceTree = "<group>"; };
		B86795F52934868600CEFB6F /* CommitsModels.swift */ = {isa = PBXFileReference; lastKnownFileType = sourcecode.swift; path = CommitsModels.swift; sourceTree = "<group>"; };
		B86795F7293486AC00CEFB6F /* CommitsInteractor.swift */ = {isa = PBXFileReference; lastKnownFileType = sourcecode.swift; path = CommitsInteractor.swift; sourceTree = "<group>"; };
		B86795FA29348E2000CEFB6F /* CommitTableViewCell.swift */ = {isa = PBXFileReference; lastKnownFileType = sourcecode.swift; path = CommitTableViewCell.swift; sourceTree = "<group>"; };
		B86795FB29348E2000CEFB6F /* CommitTableViewCell.xib */ = {isa = PBXFileReference; lastKnownFileType = file.xib; path = CommitTableViewCell.xib; sourceTree = "<group>"; };
		B878597729406160006EC266 /* CollectionViewController.swift */ = {isa = PBXFileReference; lastKnownFileType = sourcecode.swift; path = CollectionViewController.swift; sourceTree = "<group>"; };
/* End PBXFileReference section */

/* Begin PBXFrameworksBuildPhase section */
		B817BF37292E5F7900A63BAF /* Frameworks */ = {
			isa = PBXFrameworksBuildPhase;
			buildActionMask = 2147483647;
			files = (
			);
			runOnlyForDeploymentPostprocessing = 0;
		};
/* End PBXFrameworksBuildPhase section */

/* Begin PBXGroup section */
		B817BF31292E5F7900A63BAF = {
			isa = PBXGroup;
			children = (
				B817BF3C292E5F7900A63BAF /* FlickaGram */,
				B817BF3B292E5F7900A63BAF /* Products */,
			);
			sourceTree = "<group>";
		};
		B817BF3B292E5F7900A63BAF /* Products */ = {
			isa = PBXGroup;
			children = (
				B817BF3A292E5F7900A63BAF /* FlickaGram.app */,
			);
			name = Products;
			sourceTree = "<group>";
		};
		B817BF3C292E5F7900A63BAF /* FlickaGram */ = {
			isa = PBXGroup;
			children = (
				B878597729406160006EC266 /* CollectionViewController.swift */,
				B817BF54292E617400A63BAF /* Supporting Files */,
				B817BF6A292F40E700A63BAF /* Scenes */,
				B817BF43292E5F7900A63BAF /* Main.storyboard */,
				B817BF4E292E5F7A00A63BAF /* Info.plist */,
				B817BF57292E641700A63BAF /* Network */,
				B817BF5E292E80E400A63BAF /* Custom Classes */,
				B817BF5B292E782300A63BAF /* Utility */,
			);
			path = FlickaGram;
			sourceTree = "<group>";
		};
		B817BF54292E617400A63BAF /* Supporting Files */ = {
			isa = PBXGroup;
			children = (
				B817BF3F292E5F7900A63BAF /* SceneDelegate.swift */,
				B817BF3D292E5F7900A63BAF /* AppDelegate.swift */,
				B817BF49292E5F7A00A63BAF /* Assets.xcassets */,
				B817BF4B292E5F7A00A63BAF /* LaunchScreen.storyboard */,
			);
			path = "Supporting Files";
			sourceTree = "<group>";
		};
		B817BF57292E641700A63BAF /* Network */ = {
			isa = PBXGroup;
			children = (
				B817BF55292E641200A63BAF /* APIService.swift */,
			);
			path = Network;
			sourceTree = "<group>";
		};
		B817BF58292E72C200A63BAF /* FlickrImageList */ = {
			isa = PBXGroup;
			children = (
				B817BF65292F170100A63BAF /* Cells */,
				B817BF41292E5F7900A63BAF /* FlickrImageListController.swift */,
				B817BF59292E730100A63BAF /* FlickrImageListModels.swift */,
				B817BF61292E82E200A63BAF /* FlickrImageListInteractor.swift */,
			);
			path = FlickrImageList;
			sourceTree = "<group>";
		};
		B817BF5B292E782300A63BAF /* Utility */ = {
			isa = PBXGroup;
			children = (
				B817BF5C292E786E00A63BAF /* Constants.swift */,
			);
			path = Utility;
			sourceTree = "<group>";
		};
		B817BF5E292E80E400A63BAF /* Custom Classes */ = {
			isa = PBXGroup;
			children = (
				B817BF5F292E810E00A63BAF /* MyImageView.swift */,
				B817BF6E292F7DB000A63BAF /* MoveElementsTransition.swift */,
			);
			path = "Custom Classes";
			sourceTree = "<group>";
		};
		B817BF65292F170100A63BAF /* Cells */ = {
			isa = PBXGroup;
			children = (
				B817BF66292F184700A63BAF /* ImageViewCell.swift */,
				B817BF67292F184700A63BAF /* ImageViewCell.xib */,
			);
			path = Cells;
			sourceTree = "<group>";
		};
		B817BF6A292F40E700A63BAF /* Scenes */ = {
			isa = PBXGroup;
			children = (
				B86795F22934852F00CEFB6F /* GitCommits */,
				B817BF6B292F412F00A63BAF /* ImagePreview */,
				B817BF58292E72C200A63BAF /* FlickrImageList */,
			);
			path = Scenes;
			sourceTree = "<group>";
		};
		B817BF6B292F412F00A63BAF /* ImagePreview */ = {
			isa = PBXGroup;
			children = (
				B817BF6C292F4DAE00A63BAF /* ImagePreviewController.swift */,
			);
			path = ImagePreview;
			sourceTree = "<group>";
		};
		B86795F22934852F00CEFB6F /* GitCommits */ = {
			isa = PBXGroup;
			children = (
				B86795F929348DEA00CEFB6F /* CommitCellView */,
				B86795F32934867400CEFB6F /* CommitsViewController.swift */,
				B86795F52934868600CEFB6F /* CommitsModels.swift */,
				B86795F7293486AC00CEFB6F /* CommitsInteractor.swift */,
			);
			path = GitCommits;
			sourceTree = "<group>";
		};
		B86795F929348DEA00CEFB6F /* CommitCellView */ = {
			isa = PBXGroup;
			children = (
				B86795FA29348E2000CEFB6F /* CommitTableViewCell.swift */,
				B86795FB29348E2000CEFB6F /* CommitTableViewCell.xib */,
			);
			path = CommitCellView;
			sourceTree = "<group>";
		};
/* End PBXGroup section */

/* Begin PBXNativeTarget section */
		B817BF39292E5F7900A63BAF /* FlickaGram */ = {
			isa = PBXNativeTarget;
			buildConfigurationList = B817BF51292E5F7A00A63BAF /* Build configuration list for PBXNativeTarget "FlickaGram" */;
			buildPhases = (
				B817BF36292E5F7900A63BAF /* Sources */,
				B817BF37292E5F7900A63BAF /* Frameworks */,
				B817BF38292E5F7900A63BAF /* Resources */,
			);
			buildRules = (
			);
			dependencies = (
			);
			name = FlickaGram;
			productName = FlickaGram;
			productReference = B817BF3A292E5F7900A63BAF /* FlickaGram.app */;
			productType = "com.apple.product-type.application";
		};
/* End PBXNativeTarget section */

/* Begin PBXProject section */
		B817BF32292E5F7900A63BAF /* Project object */ = {
			isa = PBXProject;
			attributes = {
				BuildIndependentTargetsInParallel = 1;
				LastSwiftUpdateCheck = 1400;
				LastUpgradeCheck = 1400;
				TargetAttributes = {
					B817BF39292E5F7900A63BAF = {
						CreatedOnToolsVersion = 14.0;
					};
				};
			};
			buildConfigurationList = B817BF35292E5F7900A63BAF /* Build configuration list for PBXProject "FlickaGram" */;
			compatibilityVersion = "Xcode 14.0";
			developmentRegion = en;
			hasScannedForEncodings = 0;
			knownRegions = (
				en,
				Base,
			);
			mainGroup = B817BF31292E5F7900A63BAF;
			productRefGroup = B817BF3B292E5F7900A63BAF /* Products */;
			projectDirPath = "";
			projectRoot = "";
			targets = (
				B817BF39292E5F7900A63BAF /* FlickaGram */,
			);
		};
/* End PBXProject section */

/* Begin PBXResourcesBuildPhase section */
		B817BF38292E5F7900A63BAF /* Resources */ = {
			isa = PBXResourcesBuildPhase;
			buildActionMask = 2147483647;
			files = (
				B817BF69292F184700A63BAF /* ImageViewCell.xib in Resources */,
				B817BF4D292E5F7A00A63BAF /* LaunchScreen.storyboard in Resources */,
				B817BF4A292E5F7A00A63BAF /* Assets.xcassets in Resources */,
				B817BF45292E5F7900A63BAF /* Main.storyboard in Resources */,
				B86795FD29348E2000CEFB6F /* CommitTableViewCell.xib in Resources */,
			);
			runOnlyForDeploymentPostprocessing = 0;
		};
/* End PBXResourcesBuildPhase section */

/* Begin PBXSourcesBuildPhase section */
		B817BF36292E5F7900A63BAF /* Sources */ = {
			isa = PBXSourcesBuildPhase;
			buildActionMask = 2147483647;
			files = (
				B86795FC29348E2000CEFB6F /* CommitTableViewCell.swift in Sources */,
				B817BF56292E641200A63BAF /* APIService.swift in Sources */,
				B86795F8293486AC00CEFB6F /* CommitsInteractor.swift in Sources */,
				B86795F42934867400CEFB6F /* CommitsViewController.swift in Sources */,
				B878597829406160006EC266 /* CollectionViewController.swift in Sources */,
				B817BF42292E5F7900A63BAF /* FlickrImageListController.swift in Sources */,
				B817BF3E292E5F7900A63BAF /* AppDelegate.swift in Sources */,
				B817BF5D292E786E00A63BAF /* Constants.swift in Sources */,
				B817BF6D292F4DAE00A63BAF /* ImagePreviewController.swift in Sources */,
				B817BF6F292F7DB000A63BAF /* MoveElementsTransition.swift in Sources */,
				B817BF5A292E730100A63BAF /* FlickrImageListModels.swift in Sources */,
				B817BF62292E82E200A63BAF /* FlickrImageListInteractor.swift in Sources */,
				B817BF60292E810E00A63BAF /* MyImageView.swift in Sources */,
				B817BF68292F184700A63BAF /* ImageViewCell.swift in Sources */,
				B86795F62934868600CEFB6F /* CommitsModels.swift in Sources */,
				B817BF40292E5F7900A63BAF /* SceneDelegate.swift in Sources */,
			);
			runOnlyForDeploymentPostprocessing = 0;
		};
/* End PBXSourcesBuildPhase section */

/* Begin PBXVariantGroup section */
		B817BF43292E5F7900A63BAF /* Main.storyboard */ = {
			isa = PBXVariantGroup;
			children = (
				B817BF44292E5F7900A63BAF /* Base */,
			);
			name = Main.storyboard;
			sourceTree = "<group>";
		};
		B817BF4B292E5F7A00A63BAF /* LaunchScreen.storyboard */ = {
			isa = PBXVariantGroup;
			children = (
				B817BF4C292E5F7A00A63BAF /* Base */,
			);
			name = LaunchScreen.storyboard;
			sourceTree = "<group>";
		};
/* End PBXVariantGroup section */

/* Begin XCBuildConfiguration section */
		B817BF4F292E5F7A00A63BAF /* Debug */ = {
			isa = XCBuildConfiguration;
			buildSettings = {
				ALWAYS_SEARCH_USER_PATHS = NO;
				CLANG_ANALYZER_NONNULL = YES;
				CLANG_ANALYZER_NUMBER_OBJECT_CONVERSION = YES_AGGRESSIVE;
				CLANG_CXX_LANGUAGE_STANDARD = "gnu++20";
				CLANG_ENABLE_MODULES = YES;
				CLANG_ENABLE_OBJC_ARC = YES;
				CLANG_ENABLE_OBJC_WEAK = YES;
				CLANG_WARN_BLOCK_CAPTURE_AUTORELEASING = YES;
				CLANG_WARN_BOOL_CONVERSION = YES;
				CLANG_WARN_COMMA = YES;
				CLANG_WARN_CONSTANT_CONVERSION = YES;
				CLANG_WARN_DEPRECATED_OBJC_IMPLEMENTATIONS = YES;
				CLANG_WARN_DIRECT_OBJC_ISA_USAGE = YES_ERROR;
				CLANG_WARN_DOCUMENTATION_COMMENTS = YES;
				CLANG_WARN_EMPTY_BODY = YES;
				CLANG_WARN_ENUM_CONVERSION = YES;
				CLANG_WARN_INFINITE_RECURSION = YES;
				CLANG_WARN_INT_CONVERSION = YES;
				CLANG_WARN_NON_LITERAL_NULL_CONVERSION = YES;
				CLANG_WARN_OBJC_IMPLICIT_RETAIN_SELF = YES;
				CLANG_WARN_OBJC_LITERAL_CONVERSION = YES;
				CLANG_WARN_OBJC_ROOT_CLASS = YES_ERROR;
				CLANG_WARN_QUOTED_INCLUDE_IN_FRAMEWORK_HEADER = YES;
				CLANG_WARN_RANGE_LOOP_ANALYSIS = YES;
				CLANG_WARN_STRICT_PROTOTYPES = YES;
				CLANG_WARN_SUSPICIOUS_MOVE = YES;
				CLANG_WARN_UNGUARDED_AVAILABILITY = YES_AGGRESSIVE;
				CLANG_WARN_UNREACHABLE_CODE = YES;
				CLANG_WARN__DUPLICATE_METHOD_MATCH = YES;
				COPY_PHASE_STRIP = NO;
				DEBUG_INFORMATION_FORMAT = dwarf;
				ENABLE_STRICT_OBJC_MSGSEND = YES;
				ENABLE_TESTABILITY = YES;
				GCC_C_LANGUAGE_STANDARD = gnu11;
				GCC_DYNAMIC_NO_PIC = NO;
				GCC_NO_COMMON_BLOCKS = YES;
				GCC_OPTIMIZATION_LEVEL = 0;
				GCC_PREPROCESSOR_DEFINITIONS = (
					"DEBUG=1",
					"$(inherited)",
				);
				GCC_WARN_64_TO_32_BIT_CONVERSION = YES;
				GCC_WARN_ABOUT_RETURN_TYPE = YES_ERROR;
				GCC_WARN_UNDECLARED_SELECTOR = YES;
				GCC_WARN_UNINITIALIZED_AUTOS = YES_AGGRESSIVE;
				GCC_WARN_UNUSED_FUNCTION = YES;
				GCC_WARN_UNUSED_VARIABLE = YES;
				IPHONEOS_DEPLOYMENT_TARGET = 16.0;
				MTL_ENABLE_DEBUG_INFO = INCLUDE_SOURCE;
				MTL_FAST_MATH = YES;
				ONLY_ACTIVE_ARCH = YES;
				SDKROOT = iphoneos;
				SWIFT_ACTIVE_COMPILATION_CONDITIONS = DEBUG;
				SWIFT_OPTIMIZATION_LEVEL = "-Onone";
			};
			name = Debug;
		};
		B817BF50292E5F7A00A63BAF /* Release */ = {
			isa = XCBuildConfiguration;
			buildSettings = {
				ALWAYS_SEARCH_USER_PATHS = NO;
				CLANG_ANALYZER_NONNULL = YES;
				CLANG_ANALYZER_NUMBER_OBJECT_CONVERSION = YES_AGGRESSIVE;
				CLANG_CXX_LANGUAGE_STANDARD = "gnu++20";
				CLANG_ENABLE_MODULES = YES;
				CLANG_ENABLE_OBJC_ARC = YES;
				CLANG_ENABLE_OBJC_WEAK = YES;
				CLANG_WARN_BLOCK_CAPTURE_AUTORELEASING = YES;
				CLANG_WARN_BOOL_CONVERSION = YES;
				CLANG_WARN_COMMA = YES;
				CLANG_WARN_CONSTANT_CONVERSION = YES;
				CLANG_WARN_DEPRECATED_OBJC_IMPLEMENTATIONS = YES;
				CLANG_WARN_DIRECT_OBJC_ISA_USAGE = YES_ERROR;
				CLANG_WARN_DOCUMENTATION_COMMENTS = YES;
				CLANG_WARN_EMPTY_BODY = YES;
				CLANG_WARN_ENUM_CONVERSION = YES;
				CLANG_WARN_INFINITE_RECURSION = YES;
				CLANG_WARN_INT_CONVERSION = YES;
				CLANG_WARN_NON_LITERAL_NULL_CONVERSION = YES;
				CLANG_WARN_OBJC_IMPLICIT_RETAIN_SELF = YES;
				CLANG_WARN_OBJC_LITERAL_CONVERSION = YES;
				CLANG_WARN_OBJC_ROOT_CLASS = YES_ERROR;
				CLANG_WARN_QUOTED_INCLUDE_IN_FRAMEWORK_HEADER = YES;
				CLANG_WARN_RANGE_LOOP_ANALYSIS = YES;
				CLANG_WARN_STRICT_PROTOTYPES = YES;
				CLANG_WARN_SUSPICIOUS_MOVE = YES;
				CLANG_WARN_UNGUARDED_AVAILABILITY = YES_AGGRESSIVE;
				CLANG_WARN_UNREACHABLE_CODE = YES;
				CLANG_WARN__DUPLICATE_METHOD_MATCH = YES;
				COPY_PHASE_STRIP = NO;
				DEBUG_INFORMATION_FORMAT = "dwarf-with-dsym";
				ENABLE_NS_ASSERTIONS = NO;
				ENABLE_STRICT_OBJC_MSGSEND = YES;
				GCC_C_LANGUAGE_STANDARD = gnu11;
				GCC_NO_COMMON_BLOCKS = YES;
				GCC_WARN_64_TO_32_BIT_CONVERSION = YES;
				GCC_WARN_ABOUT_RETURN_TYPE = YES_ERROR;
				GCC_WARN_UNDECLARED_SELECTOR = YES;
				GCC_WARN_UNINITIALIZED_AUTOS = YES_AGGRESSIVE;
				GCC_WARN_UNUSED_FUNCTION = YES;
				GCC_WARN_UNUSED_VARIABLE = YES;
				IPHONEOS_DEPLOYMENT_TARGET = 16.0;
				MTL_ENABLE_DEBUG_INFO = NO;
				MTL_FAST_MATH = YES;
				SDKROOT = iphoneos;
				SWIFT_COMPILATION_MODE = wholemodule;
				SWIFT_OPTIMIZATION_LEVEL = "-O";
				VALIDATE_PRODUCT = YES;
			};
			name = Release;
		};
		B817BF52292E5F7A00A63BAF /* Debug */ = {
			isa = XCBuildConfiguration;
			buildSettings = {
				ASSETCATALOG_COMPILER_APPICON_NAME = AppIcon;
				ASSETCATALOG_COMPILER_GLOBAL_ACCENT_COLOR_NAME = AccentColor;
				CODE_SIGN_STYLE = Automatic;
				CURRENT_PROJECT_VERSION = 1;
				DEVELOPMENT_TEAM = Z89YBXLSN4;
				GENERATE_INFOPLIST_FILE = YES;
				INFOPLIST_FILE = FlickaGram/Info.plist;
				INFOPLIST_KEY_UIApplicationSupportsIndirectInputEvents = YES;
				INFOPLIST_KEY_UILaunchStoryboardName = LaunchScreen;
				INFOPLIST_KEY_UIMainStoryboardFile = Main;
				INFOPLIST_KEY_UISupportedInterfaceOrientations_iPad = "UIInterfaceOrientationPortrait UIInterfaceOrientationPortraitUpsideDown UIInterfaceOrientationLandscapeLeft UIInterfaceOrientationLandscapeRight";
				INFOPLIST_KEY_UISupportedInterfaceOrientations_iPhone = "UIInterfaceOrientationPortrait UIInterfaceOrientationLandscapeLeft UIInterfaceOrientationLandscapeRight";
				IPHONEOS_DEPLOYMENT_TARGET = 15.0;
				LD_RUNPATH_SEARCH_PATHS = (
					"$(inherited)",
					"@executable_path/Frameworks",
				);
				MARKETING_VERSION = 1.0;
				PRODUCT_BUNDLE_IDENTIFIER = com.anoopkharsu.FlickaGram;
				PRODUCT_NAME = "$(TARGET_NAME)";
				SWIFT_EMIT_LOC_STRINGS = YES;
				SWIFT_VERSION = 5.0;
				TARGETED_DEVICE_FAMILY = "1,2";
			};
			name = Debug;
		};
		B817BF53292E5F7A00A63BAF /* Release */ = {
			isa = XCBuildConfiguration;
			buildSettings = {
				ASSETCATALOG_COMPILER_APPICON_NAME = AppIcon;
				ASSETCATALOG_COMPILER_GLOBAL_ACCENT_COLOR_NAME = AccentColor;
				CODE_SIGN_STYLE = Automatic;
				CURRENT_PROJECT_VERSION = 1;
				DEVELOPMENT_TEAM = Z89YBXLSN4;
				GENERATE_INFOPLIST_FILE = YES;
				INFOPLIST_FILE = FlickaGram/Info.plist;
				INFOPLIST_KEY_UIApplicationSupportsIndirectInputEvents = YES;
				INFOPLIST_KEY_UILaunchStoryboardName = LaunchScreen;
				INFOPLIST_KEY_UIMainStoryboardFile = Main;
				INFOPLIST_KEY_UISupportedInterfaceOrientations_iPad = "UIInterfaceOrientationPortrait UIInterfaceOrientationPortraitUpsideDown UIInterfaceOrientationLandscapeLeft UIInterfaceOrientationLandscapeRight";
				INFOPLIST_KEY_UISupportedInterfaceOrientations_iPhone = "UIInterfaceOrientationPortrait UIInterfaceOrientationLandscapeLeft UIInterfaceOrientationLandscapeRight";
				IPHONEOS_DEPLOYMENT_TARGET = 15.0;
				LD_RUNPATH_SEARCH_PATHS = (
					"$(inherited)",
					"@executable_path/Frameworks",
				);
				MARKETING_VERSION = 1.0;
				PRODUCT_BUNDLE_IDENTIFIER = com.anoopkharsu.FlickaGram;
				PRODUCT_NAME = "$(TARGET_NAME)";
				SWIFT_EMIT_LOC_STRINGS = YES;
				SWIFT_VERSION = 5.0;
				TARGETED_DEVICE_FAMILY = "1,2";
			};
			name = Release;
		};
/* End XCBuildConfiguration section */

/* Begin XCConfigurationList section */
		B817BF35292E5F7900A63BAF /* Build configuration list for PBXProject "FlickaGram" */ = {
			isa = XCConfigurationList;
			buildConfigurations = (
				B817BF4F292E5F7A00A63BAF /* Debug */,
				B817BF50292E5F7A00A63BAF /* Release */,
			);
			defaultConfigurationIsVisible = 0;
			defaultConfigurationName = Release;
		};
		B817BF51292E5F7A00A63BAF /* Build configuration list for PBXNativeTarget "FlickaGram" */ = {
			isa = XCConfigurationList;
			buildConfigurations = (
				B817BF52292E5F7A00A63BAF /* Debug */,
				B817BF53292E5F7A00A63BAF /* Release */,
			);
			defaultConfigurationIsVisible = 0;
			defaultConfigurationName = Release;
		};
/* End XCConfigurationList section */
	};
	rootObject = B817BF32292E5F7900A63BAF /* Project object */;
}
